
Microsoft Visual Studio Solution File, Format Version 12.00
# Visual Studio Version 16
VisualStudioVersion = 16.0.33027.164
MinimumVisualStudioVersion = 10.0.40219.1
Project("{FAE04EC0-301F-11D3-BF4B-00C04F79EFBC}") = "Caro 3x3", "Caro 3x3\Caro 3x3.csproj", "{8CAF1D9F-8468-4510-AA2F-C55A1BC2BC01}"
EndProject
Global
	GlobalSection(SolutionConfigurationPlatforms) = preSolution
		Debug|Any CPU = Debug|Any CPU
		Release|Any CPU = Release|Any CPU
	EndGlobalSection
	GlobalSection(ProjectConfigurationPlatforms) = postSolution
		{8CAF1D9F-8468-4510-AA2F-C55A1BC2BC01}.Debug|Any CPU.ActiveCfg = Debug|Any CPU
		{8CAF1D9F-8468-4510-AA2F-C55A1BC2BC01}.Debug|Any CPU.Build.0 = Debug|Any CPU
		{8CAF1D9F-8468-4510-AA2F-C55A1BC2BC01}.Release|Any CPU.ActiveCfg = Release|Any CPU
		{8CAF1D9F-8468-4510-AA2F-C55A1BC2BC01}.Release|Any CPU.Build.0 = Release|Any CPU
	EndGlobalSection
	GlobalSection(SolutionProperties) = preSolution
		HideSolutionNode = FALSE
	EndGlobalSection
	GlobalSection(ExtensibilityGlobals) = postSolution
		SolutionGuid = {4D61AA3F-EA1A-4024-9B3F-DFBFA1807BCF}
	EndGlobalSection
EndGlobal
